# @generated by Move, please check-in and do not edit manually.

[move]
version = 3
manifest_digest = "A4AACBC7B968FB8F0346448C7998DCDDB8D88F09C7FE48E505E1C2A80BD43BAB"
deps_digest = "F8BBB0CCB2491CA29A3DF03D6F92277A4F3574266507ACD77214D37ECA3F3082"

dependencies = [
  { id = "Sui", name = "Sui" },
]

[[move.package]]
id = "MoveStdlib"
source = { git = "https://github.com/MystenLabs/sui.git", rev = "framework/mainnet", subdir = "crates/sui-framework/packages/move-stdlib" }

[[move.package]]
id = "Sui"
source = { git = "https://github.com/MystenLabs/sui.git", rev = "framework/mainnet", subdir = "crates/sui-framework/packages/sui-framework" }

dependencies = [
  { id = "MoveStdlib", name = "MoveStdlib" },
]

[move.toolchain-version]
compiler-version = "1.38.3"
edition = "2024"
flavor = "sui"

[env]

[env.mainnet]
chain-id = "35834a8a"
original-published-id = "0x75b23bde4de9aca930d8c1f1780aa65ee777d8b33c3045b053a178b452222e82"
latest-published-id = "0xf1d3bba9e0787723ec8799954b25a2ab0079a3d2f4ea6100ce714857159435ff"
published-version = "3"
